{
  "lockfileVersion": 1,
  "configVersion": 0,
  "workspaces": {
    "": {
      "name": "db-sync",
      "dependencies": {
        "@clack/prompts": "^1.5.1",
        "mysql2": "^3.22.5",
      },
      "devDependencies": {
        "@types/bun": "latest",
        "@types/node": "^25.9.3",
        "fallow": "^2.97.0",
        "typescript": "^6.0.3",
      },
    },
  },
  "packages": {
    "@clack/core": ["@clack/core@1.4.1", "", { "dependencies": { "fast-wrap-ansi": "^0.2.0", "sisteransi": "^1.0.5" } }, "sha512-FILJa1gGKEFTGZAJE9RpVhrjKz3c3h4ar60dSv6cGuDqufQ84YEIS3GAGvZiN+H6yaLbbvTFNejjCC4tXpZEuw=="],

    "@clack/prompts": ["@clack/prompts@1.5.1", "", { "dependencies": { "@clack/core": "1.4.1", "fast-string-width": "^3.0.2", "fast-wrap-ansi": "^0.2.0", "sisteransi": "^1.0.5" } }, "sha512-zccHj2z2oCCO4yrDiRSlFOxWerGqRiysP7a5jPK6uoI9URKAquwY42Dd/iUP8JWHxEzdRe4TlbvZCo8z1/mhrw=="],

    "@fallow-cli/darwin-arm64": ["@fallow-cli/darwin-arm64@2.97.0", "", { "os": "darwin", "cpu": "arm64" }, "sha512-oHqfa1jhke6dCJNxXfVRyUG7On0fotHy879HEbOJEc8tzMo0NEk9feTaZr8NtnKvhTMCQ1wMDzyWJjrxhZrpMw=="],

    "@fallow-cli/darwin-x64": ["@fallow-cli/darwin-x64@2.97.0", "", { "os": "darwin", "cpu": "x64" }, "sha512-zcaDIdtFHxa0A97sybVdg+zqXE8GovDOlBhXCtSlNvsu9VGdCIEfQoT48nyyyVqdRPAsnJJIYpp47EpSGVIJkA=="],

    "@fallow-cli/linux-arm64-gnu": ["@fallow-cli/linux-arm64-gnu@2.97.0", "", { "os": "linux", "cpu": "arm64" }, "sha512-AHhuoG9kgIInXaabJpPCOnmSQVlJzeWWAEE597x9zegzSte8RX8Rcjt0XBI+aIzYFsrfjzez/GAUGDEpjetB0A=="],

    "@fallow-cli/linux-arm64-musl": ["@fallow-cli/linux-arm64-musl@2.97.0", "", { "os": "linux", "cpu": "arm64" }, "sha512-VdOy9I/hzGGeEVjxlpf8BRCvpqG0dah1+qhUN7DkKKmPz3UrAEKjVUNboNvNH1zNZizn1CMd4hMkW3D6k0uV4g=="],

    "@fallow-cli/linux-x64-gnu": ["@fallow-cli/linux-x64-gnu@2.97.0", "", { "os": "linux", "cpu": "x64" }, "sha512-I1OdeGuHfehpc0PBi02VwMVHIs7mJcebnG+au0pD3A4dchYGyRQo6a/79AsGKKIHJFMrtg5oQUvxKPvbfiXxEQ=="],

    "@fallow-cli/linux-x64-musl": ["@fallow-cli/linux-x64-musl@2.97.0", "", { "os": "linux", "cpu": "x64" }, "sha512-itegzVpaTPm0vAqw6p7Aw/cg2WZZbndMCH5Ps0k8HvELVrvQrTzeroPTrK9B+q6ou8Np4Q90CliP5+afI7AQyQ=="],

    "@fallow-cli/win32-arm64-msvc": ["@fallow-cli/win32-arm64-msvc@2.97.0", "", { "os": "win32", "cpu": "arm64" }, "sha512-hYVlrZbUxJLEk+cNEwhw8hHORpSKTqJerXm8UorNHTc/0/KBzsq1Mng7PSQBBV5QCdMhs/c2SYBKv9/qRpUQxA=="],

    "@fallow-cli/win32-x64-msvc": ["@fallow-cli/win32-x64-msvc@2.97.0", "", { "os": "win32", "cpu": "x64" }, "sha512-XFE8AowSmpKoywOGqGz23owHJoTZUIapiFAAsUbvpsf3Ci/Kzaf232OsshCIlm/frlS0O8+UxIKBRSrw3TcGkg=="],

    "@types/bun": ["@types/bun@1.3.14", "", { "dependencies": { "bun-types": "1.3.14" } }, "sha512-h1hFqFVcvAvD9j9K7ZW7vd82aSA+rTdznZa+5bwvCwqSB1jmmfLcbIWhOLx1/+boy/xmjgCs/OMUL8hRJSmnPw=="],

    "@types/node": ["@types/node@25.9.3", "", { "dependencies": { "undici-types": ">=7.24.0 <7.24.7" } }, "sha512-603BddQMv3pUcr4U2dhujk83N2tTDVr/34wII2B6bJy6g+8WD6yUb11jszNs0gdi4PesVWl7ABt8nYMVpnLUcg=="],

    "aws-ssl-profiles": ["aws-ssl-profiles@1.1.2", "", {}, "sha512-NZKeq9AfyQvEeNlN0zSYAaWrmBffJh3IELMZfRpJVWgrpEbtEpnjvzqBPf+mxoI287JohRDoa+/nsfqqiZmF6g=="],

    "bun-types": ["bun-types@1.3.14", "", { "dependencies": { "@types/node": "*" } }, "sha512-4N0ig0fEomHt5R0KCFWjovxow98rIoRwKolrYdCcknNwMekCXRnWEUvgu5soYV8QXtVsrUD8B95MBOZGPvr6KQ=="],

    "denque": ["denque@2.1.0", "", {}, "sha512-HVQE3AAb/pxF8fQAoiqpvg9i3evqug3hoiwakOyZAwJm+6vZehbkYXZ0l4JxS+I3QxM97v5aaRNhj8v5oBhekw=="],

    "detect-libc": ["detect-libc@2.1.2", "", {}, "sha512-Btj2BOOO83o3WyH59e8MgXsxEQVcarkUOpEYrubB0urwnN10yQ364rsiByU11nZlqWYZm05i/of7io4mzihBtQ=="],

    "fallow": ["fallow@2.97.0", "", { "dependencies": { "detect-libc": "2.1.2" }, "optionalDependencies": { "@fallow-cli/darwin-arm64": "2.97.0", "@fallow-cli/darwin-x64": "2.97.0", "@fallow-cli/linux-arm64-gnu": "2.97.0", "@fallow-cli/linux-arm64-musl": "2.97.0", "@fallow-cli/linux-x64-gnu": "2.97.0", "@fallow-cli/linux-x64-musl": "2.97.0", "@fallow-cli/win32-arm64-msvc": "2.97.0", "@fallow-cli/win32-x64-msvc": "2.97.0" }, "bin": { "fallow": "bin/fallow", "fallow-lsp": "bin/fallow-lsp", "fallow-mcp": "bin/fallow-mcp" } }, "sha512-cy5WQ+3A3/rt4E+ctRU4C4RQ3nhAShZTRFCqmjI/RLnGjfDZRH4cch/FHiBDMmRkUmcle3AZwGbLOdLvhHlfDg=="],

    "fast-string-truncated-width": ["fast-string-truncated-width@3.0.3", "", {}, "sha512-0jjjIEL6+0jag3l2XWWizO64/aZVtpiGE3t0Zgqxv0DPuxiMjvB3M24fCyhZUO4KomJQPj3LTSUnDP3GpdwC0g=="],

    "fast-string-width": ["fast-string-width@3.0.2", "", { "dependencies": { "fast-string-truncated-width": "^3.0.2" } }, "sha512-gX8LrtNEI5hq8DVUfRQMbr5lpaS4nMIWV+7XEbXk2b8kiQIizgnlr12B4dA3ZEx3308ze0O4Q1R+cHts8kyUJg=="],

    "fast-wrap-ansi": ["fast-wrap-ansi@0.2.2", "", { "dependencies": { "fast-string-width": "^3.0.2" } }, "sha512-7F2Fl+TjRSenLqlU3UjSH0iyqopqoZIu7eZVpEirP2g1GtWa2G/ecEmBdgz31+Mxr+ELclgg6sokpSFIQiZ02Q=="],

    "generate-function": ["generate-function@2.3.1", "", { "dependencies": { "is-property": "^1.0.2" } }, "sha512-eeB5GfMNeevm/GRYq20ShmsaGcmI81kIX2K9XQx5miC8KdHaC6Jm0qQ8ZNeGOi7wYB8OsdxKs+Y2oVuTFuVwKQ=="],

    "iconv-lite": ["iconv-lite@0.7.2", "", { "dependencies": { "safer-buffer": ">= 2.1.2 < 3.0.0" } }, "sha512-im9DjEDQ55s9fL4EYzOAv0yMqmMBSZp6G0VvFyTMPKWxiSBHUj9NW/qqLmXUwXrrM7AvqSlTCfvqRb0cM8yYqw=="],

    "is-property": ["is-property@1.0.2", "", {}, "sha512-Ks/IoX00TtClbGQr4TWXemAnktAQvYB7HzcCxDGqEZU6oCmb2INHuOoKxbtR+HFkmYWBKv/dOZtGRiAjDhj92g=="],

    "long": ["long@5.3.2", "", {}, "sha512-mNAgZ1GmyNhD7AuqnTG3/VQ26o760+ZYBPKjPvugO8+nLbYfX6TVpJPseBvopbdY+qpZ/lKUnmEc1LeZYS3QAA=="],

    "lru.min": ["lru.min@1.1.4", "", {}, "sha512-DqC6n3QQ77zdFpCMASA1a3Jlb64Hv2N2DciFGkO/4L9+q/IpIAuRlKOvCXabtRW6cQf8usbmM6BE/TOPysCdIA=="],

    "mysql2": ["mysql2@3.22.5", "", { "dependencies": { "aws-ssl-profiles": "^1.1.2", "denque": "^2.1.0", "generate-function": "^2.3.1", "iconv-lite": "^0.7.2", "long": "^5.3.2", "lru.min": "^1.1.4", "named-placeholders": "^1.1.6", "sql-escaper": "^1.3.3" }, "peerDependencies": { "@types/node": ">= 8" } }, "sha512-95uZ2TrPWAZdwpB3vvvDbmEMcNG8yIeNCyu6GUcr/QnWEE/wXm7+mhOCsdQfWQDTV7qYT/PDUZ4U4UPP4AsXqQ=="],

    "named-placeholders": ["named-placeholders@1.1.6", "", { "dependencies": { "lru.min": "^1.1.0" } }, "sha512-Tz09sEL2EEuv5fFowm419c1+a/jSMiBjI9gHxVLrVdbUkkNUUfjsVYs9pVZu5oCon/kmRh9TfLEObFtkVxmY0w=="],

    "safer-buffer": ["safer-buffer@2.1.2", "", {}, "sha512-YZo3K82SD7Riyi0E1EQPojLz7kpepnSQI9IyPbHHg1XXXevb5dJI7tpyN2ADxGcQbHG7vcyRHk0cbwqcQriUtg=="],

    "sisteransi": ["sisteransi@1.0.5", "", {}, "sha512-bLGGlR1QxBcynn2d5YmDX4MGjlZvy2MRBDRNHLJ8VI6l6+9FUiyTFNJ0IveOSP0bcXgVDPRcfGqA0pjaqUpfVg=="],

    "sql-escaper": ["sql-escaper@1.3.3", "", {}, "sha512-BsTCV265VpTp8tm1wyIm1xqQCS+Q9NHx2Sr+WcnUrgLrQ6yiDIvHYJV5gHxsj1lMBy2zm5twLaZao8Jd+S8JJw=="],

    "typescript": ["typescript@6.0.3", "", { "bin": { "tsc": "bin/tsc", "tsserver": "bin/tsserver" } }, "sha512-y2TvuxSZPDyQakkFRPZHKFm+KKVqIisdg9/CZwm9ftvKXLP8NRWj38/ODjNbr43SsoXqNuAisEf1GdCxqWcdBw=="],

    "undici-types": ["undici-types@7.24.6", "", {}, "sha512-WRNW+sJgj5OBN4/0JpHFqtqzhpbnV0GuB+OozA9gCL7a993SmU+1JBZCzLNxYsbMfIeDL+lTsphD5jN5N+n0zg=="],
  }
}
